
Microsoft Visual Studio Solution File, Format Version 12.00
# Visual Studio Version 17
VisualStudioVersion = 17.2.32516.85
MinimumVisualStudioVersion = 10.0.40219.1
Project("{FAE04EC0-301F-11D3-BF4B-00C04F79EFBC}") = "UsersUniversidad", "UsersUniversidad.csproj", "{69F4B5D9-137D-45D4-816B-3EE678CE3844}"
EndProject
Global
	GlobalSection(SolutionConfigurationPlatforms) = preSolution
		Debug|Any CPU = Debug|Any CPU
		Release|Any CPU = Release|Any CPU
	EndGlobalSection
	GlobalSection(ProjectConfigurationPlatforms) = postSolution
		{69F4B5D9-137D-45D4-816B-3EE678CE3844}.Debug|Any CPU.ActiveCfg = Debug|Any CPU
		{69F4B5D9-137D-45D4-816B-3EE678CE3844}.Debug|Any CPU.Build.0 = Debug|Any CPU
		{69F4B5D9-137D-45D4-816B-3EE678CE3844}.Release|Any CPU.ActiveCfg = Release|Any CPU
		{69F4B5D9-137D-45D4-816B-3EE678CE3844}.Release|Any CPU.Build.0 = Release|Any CPU
	EndGlobalSection
	GlobalSection(SolutionProperties) = preSolution
		HideSolutionNode = FALSE
	EndGlobalSection
	GlobalSection(ExtensibilityGlobals) = postSolution
		SolutionGuid = {9631E192-90AF-447A-A2F0-FCE00114AB3D}
	EndGlobalSection
EndGlobal
